
Microsoft Visual Studio Solution File, Format Version 12.00
# Visual Studio Version 16
VisualStudioVersion = 16.0.30611.23
MinimumVisualStudioVersion = 10.0.40219.1
Project("{FAE04EC0-301F-11D3-BF4B-00C04F79EFBC}") = "FractionCalc", "FractionCalc\FractionCalc.csproj", "{DE3FBE26-98A4-46E1-8F21-50DB341A8E74}"
EndProject
Global
	GlobalSection(SolutionConfigurationPlatforms) = preSolution
		Debug|Any CPU = Debug|Any CPU
		Release|Any CPU = Release|Any CPU
	EndGlobalSection
	GlobalSection(ProjectConfigurationPlatforms) = postSolution
		{DE3FBE26-98A4-46E1-8F21-50DB341A8E74}.Debug|Any CPU.ActiveCfg = Debug|Any CPU
		{DE3FBE26-98A4-46E1-8F21-50DB341A8E74}.Debug|Any CPU.Build.0 = Debug|Any CPU
		{DE3FBE26-98A4-46E1-8F21-50DB341A8E74}.Release|Any CPU.ActiveCfg = Release|Any CPU
		{DE3FBE26-98A4-46E1-8F21-50DB341A8E74}.Release|Any CPU.Build.0 = Release|Any CPU
	EndGlobalSection
	GlobalSection(SolutionProperties) = preSolution
		HideSolutionNode = FALSE
	EndGlobalSection
	GlobalSection(ExtensibilityGlobals) = postSolution
		SolutionGuid = {FECCBD6A-3BC2-4556-B333-F56D794D5559}
	EndGlobalSection
EndGlobal
